
Microsoft Visual Studio Solution File, Format Version 12.00
# Visual Studio Version 17
VisualStudioVersion = 17.1.32319.34
MinimumVisualStudioVersion = 10.0.40219.1
Project("{9A19103F-16F7-4668-BE54-9A1E7A4F7556}") = "Pra.Streams02.Core", "Pra.Streams02.Core\Pra.Streams02.Core.csproj", "{FA4C7100-B03D-4F79-80AA-3716A99209F8}"
EndProject
Project("{9A19103F-16F7-4668-BE54-9A1E7A4F7556}") = "Pra.Streams02.Wpf", "Pra.Streams02.Wpf\Pra.Streams02.Wpf.csproj", "{7D583312-5443-40A3-9A2C-0ED2EFC3CD7F}"
EndProject
Global
	GlobalSection(SolutionConfigurationPlatforms) = preSolution
		Debug|Any CPU = Debug|Any CPU
		Release|Any CPU = Release|Any CPU
	EndGlobalSection
	GlobalSection(ProjectConfigurationPlatforms) = postSolution
		{FA4C7100-B03D-4F79-80AA-3716A99209F8}.Debug|Any CPU.ActiveCfg = Debug|Any CPU
		{FA4C7100-B03D-4F79-80AA-3716A99209F8}.Debug|Any CPU.Build.0 = Debug|Any CPU
		{FA4C7100-B03D-4F79-80AA-3716A99209F8}.Release|Any CPU.ActiveCfg = Release|Any CPU
		{FA4C7100-B03D-4F79-80AA-3716A99209F8}.Release|Any CPU.Build.0 = Release|Any CPU
		{7D583312-5443-40A3-9A2C-0ED2EFC3CD7F}.Debug|Any CPU.ActiveCfg = Debug|Any CPU
		{7D583312-5443-40A3-9A2C-0ED2EFC3CD7F}.Debug|Any CPU.Build.0 = Debug|Any CPU
		{7D583312-5443-40A3-9A2C-0ED2EFC3CD7F}.Release|Any CPU.ActiveCfg = Release|Any CPU
		{7D583312-5443-40A3-9A2C-0ED2EFC3CD7F}.Release|Any CPU.Build.0 = Release|Any CPU
	EndGlobalSection
	GlobalSection(SolutionProperties) = preSolution
		HideSolutionNode = FALSE
	EndGlobalSection
	GlobalSection(ExtensibilityGlobals) = postSolution
		SolutionGuid = {4C6F6812-ED6E-47B1-9311-E0F0BEE6BF74}
	EndGlobalSection
EndGlobal
